
Microsoft Visual Studio Solution File, Format Version 12.00
# Visual Studio 15
VisualStudioVersion = 15.0.26730.16
MinimumVisualStudioVersion = 10.0.40219.1
Project("{FAE04EC0-301F-11D3-BF4B-00C04F79EFBC}") = "PracticaInicial", "PracticaInicial\PracticaInicial.csproj", "{1AC08356-A20D-4814-BE03-0AFEEA222FF6}"
EndProject
Global
	GlobalSection(SolutionConfigurationPlatforms) = preSolution
		Debug|Any CPU = Debug|Any CPU
		Release|Any CPU = Release|Any CPU
	EndGlobalSection
	GlobalSection(ProjectConfigurationPlatforms) = postSolution
		{1AC08356-A20D-4814-BE03-0AFEEA222FF6}.Debug|Any CPU.ActiveCfg = Debug|Any CPU
		{1AC08356-A20D-4814-BE03-0AFEEA222FF6}.Debug|Any CPU.Build.0 = Debug|Any CPU
		{1AC08356-A20D-4814-BE03-0AFEEA222FF6}.Release|Any CPU.ActiveCfg = Release|Any CPU
		{1AC08356-A20D-4814-BE03-0AFEEA222FF6}.Release|Any CPU.Build.0 = Release|Any CPU
	EndGlobalSection
	GlobalSection(SolutionProperties) = preSolution
		HideSolutionNode = FALSE
	EndGlobalSection
	GlobalSection(ExtensibilityGlobals) = postSolution
		SolutionGuid = {0E49632D-2D7B-47EE-BD00-EAFF33F10897}
	EndGlobalSection
EndGlobal
